
Microsoft Visual Studio Solution File, Format Version 12.00
# Visual Studio Version 16
VisualStudioVersion = 16.0.31702.278
MinimumVisualStudioVersion = 10.0.40219.1
Project("{FAE04EC0-301F-11D3-BF4B-00C04F79EFBC}") = "saloonSystem", "saloonSystem\saloonSystem.csproj", "{11B144BE-1055-481C-A569-A4F15D371AEB}"
EndProject
Global
	GlobalSection(SolutionConfigurationPlatforms) = preSolution
		Debug|Any CPU = Debug|Any CPU
		Release|Any CPU = Release|Any CPU
	EndGlobalSection
	GlobalSection(ProjectConfigurationPlatforms) = postSolution
		{11B144BE-1055-481C-A569-A4F15D371AEB}.Debug|Any CPU.ActiveCfg = Debug|Any CPU
		{11B144BE-1055-481C-A569-A4F15D371AEB}.Debug|Any CPU.Build.0 = Debug|Any CPU
		{11B144BE-1055-481C-A569-A4F15D371AEB}.Release|Any CPU.ActiveCfg = Release|Any CPU
		{11B144BE-1055-481C-A569-A4F15D371AEB}.Release|Any CPU.Build.0 = Release|Any CPU
	EndGlobalSection
	GlobalSection(SolutionProperties) = preSolution
		HideSolutionNode = FALSE
	EndGlobalSection
	GlobalSection(ExtensibilityGlobals) = postSolution
		SolutionGuid = {625562C1-A986-4E89-A139-98DD5FC16681}
	EndGlobalSection
EndGlobal
